{
  "name": "test-import",
  "version": "1.0.0",
  "lockfileVersion": 3,
  "requires": true,
  "packages": {
    "": {
      "name": "test-import",
      "version": "1.0.0",
      "license": "Apache-2.0",
      "dependencies": {
        "ravelinjs": "file:../dist"
      }
    },
    "node_modules/detectincognitojs": {
      "version": "1.7.0",
      "resolved": "https://registry.npmjs.org/detectincognitojs/-/detectincognitojs-1.7.0.tgz",
      "integrity": "sha512-CETH9/Vey0D+2HhfCjtrD8/udPjAQW8Zj2NLQ/9NKgTIxVH0M0RrJBrI6M9BX4Rhgaw15Jz/AqXFtYRF8sMDxQ==",
      "license": "MIT"
    },
    "node_modules/ravelinjs": {
      "version": "2.2.0",
      "resolved": "file:../dist",
      "license": "Apache-2.0",
      "dependencies": {
        "detectincognitojs": "1.7.0"
      },
      "engines": {
        "node": ">=22.x"
      }
    }
  }
}
