{
  "name": "test-import",
  "version": "1.0.0",
  "lockfileVersion": 3,
  "requires": true,
  "packages": {
    "": {
      "name": "test-import",
      "version": "1.0.0",
      "hasInstallScript": true,
      "license": "Apache-2.0",
      "dependencies": {
        "ravelinjs": "file:../dist"
      }
    },
    "node_modules/detectincognitojs": {
      "version": "1.6.2",
      "resolved": "https://registry.npmjs.org/detectincognitojs/-/detectincognitojs-1.6.2.tgz",
      "integrity": "sha512-q4JXwcc7CZXDfSfWHBapnB1EHZgtW6OMcCWOXwN9/2gPJPRzDZL9wMrtpojWe1eUWDFP6bfuT4GIWJ07Waaq4w==",
      "license": "MIT"
    },
    "node_modules/ravelinjs": {
      "version": "2.0.0",
      "resolved": "file:../dist",
      "license": "Apache-2.0",
      "dependencies": {
        "detectincognitojs": "1.6.2"
      },
      "engines": {
        "node": ">=22.x <23"
      }
    }
  }
}
